
Microsoft Visual Studio Solution File, Format Version 12.00
# Visual Studio Version 17
VisualStudioVersion = 17.8.34316.72
MinimumVisualStudioVersion = 10.0.40219.1
Project("{FAE04EC0-301F-11D3-BF4B-00C04F79EFBC}") = "CSharp_Degiskenler_ve_Veri_Tipleri", "CSharp_Degiskenler_ve_Veri_Tipleri\CSharp_Degiskenler_ve_Veri_Tipleri.csproj", "{6002E649-EA19-485C-B9BC-F8B06A06E2E9}"
EndProject
Global
	GlobalSection(SolutionConfigurationPlatforms) = preSolution
		Debug|Any CPU = Debug|Any CPU
		Release|Any CPU = Release|Any CPU
	EndGlobalSection
	GlobalSection(ProjectConfigurationPlatforms) = postSolution
		{6002E649-EA19-485C-B9BC-F8B06A06E2E9}.Debug|Any CPU.ActiveCfg = Debug|Any CPU
		{6002E649-EA19-485C-B9BC-F8B06A06E2E9}.Debug|Any CPU.Build.0 = Debug|Any CPU
		{6002E649-EA19-485C-B9BC-F8B06A06E2E9}.Release|Any CPU.ActiveCfg = Release|Any CPU
		{6002E649-EA19-485C-B9BC-F8B06A06E2E9}.Release|Any CPU.Build.0 = Release|Any CPU
	EndGlobalSection
	GlobalSection(SolutionProperties) = preSolution
		HideSolutionNode = FALSE
	EndGlobalSection
	GlobalSection(ExtensibilityGlobals) = postSolution
		SolutionGuid = {91B89181-3B5A-443C-82A4-CF0ABB8878CA}
	EndGlobalSection
EndGlobal
